
Microsoft Visual Studio Solution File, Format Version 12.00
# Visual Studio 15
VisualStudioVersion = 15.0.28307.572
MinimumVisualStudioVersion = 10.0.40219.1
Project("{F184B08F-C81C-45F6-A57F-5ABD9991F28F}") = "01.Common", "01.Common.vbproj", "{25232C4B-5151-4C1F-9DE8-201561AFFA34}"
EndProject
Global
	GlobalSection(SolutionConfigurationPlatforms) = preSolution
		Debug|Any CPU = Debug|Any CPU
		Release|Any CPU = Release|Any CPU
	EndGlobalSection
	GlobalSection(ProjectConfigurationPlatforms) = postSolution
		{25232C4B-5151-4C1F-9DE8-201561AFFA34}.Debug|Any CPU.ActiveCfg = Debug|Any CPU
		{25232C4B-5151-4C1F-9DE8-201561AFFA34}.Debug|Any CPU.Build.0 = Debug|Any CPU
		{25232C4B-5151-4C1F-9DE8-201561AFFA34}.Release|Any CPU.ActiveCfg = Release|Any CPU
		{25232C4B-5151-4C1F-9DE8-201561AFFA34}.Release|Any CPU.Build.0 = Release|Any CPU
	EndGlobalSection
	GlobalSection(SolutionProperties) = preSolution
		HideSolutionNode = FALSE
	EndGlobalSection
	GlobalSection(ExtensibilityGlobals) = postSolution
		SolutionGuid = {24571971-DAE5-4BC5-A211-8F51BDB5F805}
	EndGlobalSection
EndGlobal
